{
  "name": "amplify",
  "lockfileVersion": 3,
  "requires": true,
  "packages": {
    "": {
      "dependencies": {
        "amplify": "^0.0.11"
      }
    },
    "node_modules/amplify": {
      "version": "0.0.11",
      "resolved": "https://registry.npmjs.org/amplify/-/amplify-0.0.11.tgz",
      "integrity": "sha512-RkVzlUUUczGhjRWTX3QXEPzgPScdUXvmthgvcNpCQHfxshvxLPTdiLP6kLaUb/eo8IpnjLpKqUWxTIT97c8xew=="
    }
  }
}
