// !$*UTF8*$!
{
	archiveVersion = 1;
	classes = {
	};
	objectVersion = 56;
	objects = {

/* Begin PBXBuildFile section */
		2261D89B26D29E36BA5DF785 /* Pods_AlzDetection.framework in Frameworks */ = {isa = PBXBuildFile; fileRef = F451D9097956850D2BAB397F /* Pods_AlzDetection.framework */; };
		2ED2736469F525E8774E28F6 /* Pods_AlzDetection_AlzDetectionUITests.framework in Frameworks */ = {isa = PBXBuildFile; fileRef = DAD2993B628D8CECF81D28BF /* Pods_AlzDetection_AlzDetectionUITests.framework */; };
		32091F472BA4E7FE001ED82A /* QuickPoseCamera in Frameworks */ = {isa = PBXBuildFile; productRef = 32091F462BA4E7FE001ED82A /* QuickPoseCamera */; };
		32091F492BA4E7FE001ED82A /* QuickPoseCore in Frameworks */ = {isa = PBXBuildFile; productRef = 32091F482BA4E7FE001ED82A /* QuickPoseCore */; };
		32091F4B2BA4E7FE001ED82A /* QuickPoseMP in Frameworks */ = {isa = PBXBuildFile; productRef = 32091F4A2BA4E7FE001ED82A /* QuickPoseMP */; };
		32091F4D2BA4E7FE001ED82A /* QuickPoseSwiftUI in Frameworks */ = {isa = PBXBuildFile; productRef = 32091F4C2BA4E7FE001ED82A /* QuickPoseSwiftUI */; };
		323440C62BB4936200217226 /* ConfirmAndUploadViewController.swift in Sources */ = {isa = PBXBuildFile; fileRef = 323440C52BB4936200217226 /* ConfirmAndUploadViewController.swift */; };
		325ADD792B4C6A0000000428 /* AppDelegate.swift in Sources */ = {isa = PBXBuildFile; fileRef = 325ADD782B4C6A0000000428 /* AppDelegate.swift */; };
		325ADD7B2B4C6A0000000428 /* SceneDelegate.swift in Sources */ = {isa = PBXBuildFile; fileRef = 325ADD7A2B4C6A0000000428 /* SceneDelegate.swift */; };
		325ADD802B4C6A0000000428 /* Main.storyboard in Resources */ = {isa = PBXBuildFile; fileRef = 325ADD7E2B4C6A0000000428 /* Main.storyboard */; };
		325ADD822B4C6A0100000428 /* Assets.xcassets in Resources */ = {isa = PBXBuildFile; fileRef = 325ADD812B4C6A0100000428 /* Assets.xcassets */; };
		325ADD852B4C6A0100000428 /* LaunchScreen.storyboard in Resources */ = {isa = PBXBuildFile; fileRef = 325ADD832B4C6A0100000428 /* LaunchScreen.storyboard */; };
		325ADD902B4C6A0100000428 /* AlzDetectionTests.swift in Sources */ = {isa = PBXBuildFile; fileRef = 325ADD8F2B4C6A0100000428 /* AlzDetectionTests.swift */; };
		325ADD9A2B4C6A0100000428 /* AlzDetectionUITests.swift in Sources */ = {isa = PBXBuildFile; fileRef = 325ADD992B4C6A0100000428 /* AlzDetectionUITests.swift */; };
		325ADD9C2B4C6A0100000428 /* AlzDetectionUITestsLaunchTests.swift in Sources */ = {isa = PBXBuildFile; fileRef = 325ADD9B2B4C6A0100000428 /* AlzDetectionUITestsLaunchTests.swift */; };
		326FCED02B51E47500E401BD /* HomeViewController.swift in Sources */ = {isa = PBXBuildFile; fileRef = 326FCECF2B51E47500E401BD /* HomeViewController.swift */; };
		326FCED22B51E6A800E401BD /* SignUpViewController.swift in Sources */ = {isa = PBXBuildFile; fileRef = 326FCED12B51E6A800E401BD /* SignUpViewController.swift */; };
		3283DF1C2B63157800084997 /* CustomCameraController.swift in Sources */ = {isa = PBXBuildFile; fileRef = 3283DF1B2B63157800084997 /* CustomCameraController.swift */; };
		32A231142B793B7800DEE7E2 /* postTestViewController.swift in Sources */ = {isa = PBXBuildFile; fileRef = 32A231132B793B7800DEE7E2 /* postTestViewController.swift */; };
		32A2311A2B79560B00DEE7E2 /* AWSAPIPlugin in Frameworks */ = {isa = PBXBuildFile; productRef = 32A231192B79560B00DEE7E2 /* AWSAPIPlugin */; };
		32A2311C2B79560B00DEE7E2 /* AWSCognitoAuthPlugin in Frameworks */ = {isa = PBXBuildFile; productRef = 32A2311B2B79560B00DEE7E2 /* AWSCognitoAuthPlugin */; };
		32A2311E2B79560B00DEE7E2 /* AWSDataStorePlugin in Frameworks */ = {isa = PBXBuildFile; productRef = 32A2311D2B79560B00DEE7E2 /* AWSDataStorePlugin */; };
		32A231202B79560B00DEE7E2 /* AWSS3StoragePlugin in Frameworks */ = {isa = PBXBuildFile; productRef = 32A2311F2B79560B00DEE7E2 /* AWSS3StoragePlugin */; };
		32A231222B79560B00DEE7E2 /* Amplify in Frameworks */ = {isa = PBXBuildFile; productRef = 32A231212B79560B00DEE7E2 /* Amplify */; };
		32C95C252B4F7F1700DC358D /* LoginViewController.swift in Sources */ = {isa = PBXBuildFile; fileRef = 32C95C242B4F7F1700DC358D /* LoginViewController.swift */; };
		32FBB9DC2B869DDB004D7E02 /* gifLoader.swift in Sources */ = {isa = PBXBuildFile; fileRef = 32FBB9DB2B869DDB004D7E02 /* gifLoader.swift */; };
		32FBB9DE2B86A0F7004D7E02 /* loadingGif.gif in Resources */ = {isa = PBXBuildFile; fileRef = 32FBB9DD2B86A0F7004D7E02 /* loadingGif.gif */; };
		4B849BE92B5C264600B6A506 /* ThankYouViewController.swift in Sources */ = {isa = PBXBuildFile; fileRef = 4B849BE82B5C264600B6A506 /* ThankYouViewController.swift */; };
		4B849BEB2B5C2B4200B6A506 /* InstructionsViewController.swift in Sources */ = {isa = PBXBuildFile; fileRef = 4B849BEA2B5C2B4200B6A506 /* InstructionsViewController.swift */; };
		4B849BED2B5C2C1D00B6A506 /* ResultsViewController.swift in Sources */ = {isa = PBXBuildFile; fileRef = 4B849BEC2B5C2C1D00B6A506 /* ResultsViewController.swift */; };
		4B849BEF2B5C2CC900B6A506 /* ClinicianViewController.swift in Sources */ = {isa = PBXBuildFile; fileRef = 4B849BEE2B5C2CC900B6A506 /* ClinicianViewController.swift */; };
		4B849BF12B5C2E5F00B6A506 /* ResultsSentViewController.swift in Sources */ = {isa = PBXBuildFile; fileRef = 4B849BF02B5C2E5F00B6A506 /* ResultsSentViewController.swift */; };
		4BB61A4E2BCEED8B00EB5BE9 /* TableViewCell.swift in Sources */ = {isa = PBXBuildFile; fileRef = 4BB61A4C2BCEED8A00EB5BE9 /* TableViewCell.swift */; };
		758966E5F3EA2ADED0D3A50D /* awsconfiguration.json in Resources */ = {isa = PBXBuildFile; fileRef = AAC67A7C4E59D36AC52E5303 /* awsconfiguration.json */; };
		7B39E01C60F48E9BF194595B /* amplifyconfiguration.json in Resources */ = {isa = PBXBuildFile; fileRef = 839064B7D0B3AB1E6BF3A79F /* amplifyconfiguration.json */; };
		ED97DCAD2A0D85ADF0243972 /* Pods_AlzDetectionTests.framework in Frameworks */ = {isa = PBXBuildFile; fileRef = 7ED5568E7322D221D618BFE2 /* Pods_AlzDetectionTests.framework */; };
/* End PBXBuildFile section */

/* Begin PBXContainerItemProxy section */
		325ADD8C2B4C6A0100000428 /* PBXContainerItemProxy */ = {
			isa = PBXContainerItemProxy;
			containerPortal = 325ADD6D2B4C6A0000000428 /* Project object */;
			proxyType = 1;
			remoteGlobalIDString = 325ADD742B4C6A0000000428;
			remoteInfo = AlzDetection;
		};
		325ADD962B4C6A0100000428 /* PBXContainerItemProxy */ = {
			isa = PBXContainerItemProxy;
			containerPortal = 325ADD6D2B4C6A0000000428 /* Project object */;
			proxyType = 1;
			remoteGlobalIDString = 325ADD742B4C6A0000000428;
			remoteInfo = AlzDetection;
		};
/* End PBXContainerItemProxy section */

/* Begin PBXFileReference section */
		323440C52BB4936200217226 /* ConfirmAndUploadViewController.swift */ = {isa = PBXFileReference; lastKnownFileType = sourcecode.swift; path = ConfirmAndUploadViewController.swift; sourceTree = "<group>"; };
		325ADD752B4C6A0000000428 /* AlzDetection.app */ = {isa = PBXFileReference; explicitFileType = wrapper.application; includeInIndex = 0; path = AlzDetection.app; sourceTree = BUILT_PRODUCTS_DIR; };
		325ADD782B4C6A0000000428 /* AppDelegate.swift */ = {isa = PBXFileReference; lastKnownFileType = sourcecode.swift; path = AppDelegate.swift; sourceTree = "<group>"; };
		325ADD7A2B4C6A0000000428 /* SceneDelegate.swift */ = {isa = PBXFileReference; lastKnownFileType = sourcecode.swift; path = SceneDelegate.swift; sourceTree = "<group>"; };
		325ADD7F2B4C6A0000000428 /* Base */ = {isa = PBXFileReference; lastKnownFileType = file.storyboard; name = Base; path = Base.lproj/Main.storyboard; sourceTree = "<group>"; };
		325ADD812B4C6A0100000428 /* Assets.xcassets */ = {isa = PBXFileReference; lastKnownFileType = folder.assetcatalog; path = Assets.xcassets; sourceTree = "<group>"; };
		325ADD842B4C6A0100000428 /* Base */ = {isa = PBXFileReference; lastKnownFileType = file.storyboard; name = Base; path = Base.lproj/LaunchScreen.storyboard; sourceTree = "<group>"; };
		325ADD862B4C6A0100000428 /* Info.plist */ = {isa = PBXFileReference; lastKnownFileType = text.plist.xml; path = Info.plist; sourceTree = "<group>"; };
		325ADD8B2B4C6A0100000428 /* AlzDetectionTests.xctest */ = {isa = PBXFileReference; explicitFileType = wrapper.cfbundle; includeInIndex = 0; path = AlzDetectionTests.xctest; sourceTree = BUILT_PRODUCTS_DIR; };
		325ADD8F2B4C6A0100000428 /* AlzDetectionTests.swift */ = {isa = PBXFileReference; lastKnownFileType = sourcecode.swift; path = AlzDetectionTests.swift; sourceTree = "<group>"; };
		325ADD952B4C6A0100000428 /* AlzDetectionUITests.xctest */ = {isa = PBXFileReference; explicitFileType = wrapper.cfbundle; includeInIndex = 0; path = AlzDetectionUITests.xctest; sourceTree = BUILT_PRODUCTS_DIR; };
		325ADD992B4C6A0100000428 /* AlzDetectionUITests.swift */ = {isa = PBXFileReference; lastKnownFileType = sourcecode.swift; path = AlzDetectionUITests.swift; sourceTree = "<group>"; };
		325ADD9B2B4C6A0100000428 /* AlzDetectionUITestsLaunchTests.swift */ = {isa = PBXFileReference; lastKnownFileType = sourcecode.swift; path = AlzDetectionUITestsLaunchTests.swift; sourceTree = "<group>"; };
		326FCECF2B51E47500E401BD /* HomeViewController.swift */ = {isa = PBXFileReference; lastKnownFileType = sourcecode.swift; path = HomeViewController.swift; sourceTree = "<group>"; };
		326FCED12B51E6A800E401BD /* SignUpViewController.swift */ = {isa = PBXFileReference; lastKnownFileType = sourcecode.swift; path = SignUpViewController.swift; sourceTree = "<group>"; };
		3283DF1B2B63157800084997 /* CustomCameraController.swift */ = {isa = PBXFileReference; lastKnownFileType = sourcecode.swift; path = CustomCameraController.swift; sourceTree = "<group>"; };
		32A231132B793B7800DEE7E2 /* postTestViewController.swift */ = {isa = PBXFileReference; lastKnownFileType = sourcecode.swift; path = postTestViewController.swift; sourceTree = "<group>"; };
		32C95C242B4F7F1700DC358D /* LoginViewController.swift */ = {isa = PBXFileReference; lastKnownFileType = sourcecode.swift; path = LoginViewController.swift; sourceTree = "<group>"; };
		32FBB9DB2B869DDB004D7E02 /* gifLoader.swift */ = {isa = PBXFileReference; lastKnownFileType = sourcecode.swift; path = gifLoader.swift; sourceTree = "<group>"; };
		32FBB9DD2B86A0F7004D7E02 /* loadingGif.gif */ = {isa = PBXFileReference; lastKnownFileType = image.gif; name = loadingGif.gif; path = Assets.xcassets/loadingGif.dataset/loadingGif.gif; sourceTree = "<group>"; };
		4B849BE82B5C264600B6A506 /* ThankYouViewController.swift */ = {isa = PBXFileReference; lastKnownFileType = sourcecode.swift; path = ThankYouViewController.swift; sourceTree = "<group>"; };
		4B849BEA2B5C2B4200B6A506 /* InstructionsViewController.swift */ = {isa = PBXFileReference; lastKnownFileType = sourcecode.swift; path = InstructionsViewController.swift; sourceTree = "<group>"; };
		4B849BEC2B5C2C1D00B6A506 /* ResultsViewController.swift */ = {isa = PBXFileReference; lastKnownFileType = sourcecode.swift; path = ResultsViewController.swift; sourceTree = "<group>"; };
		4B849BEE2B5C2CC900B6A506 /* ClinicianViewController.swift */ = {isa = PBXFileReference; lastKnownFileType = sourcecode.swift; path = ClinicianViewController.swift; sourceTree = "<group>"; };
		4B849BF02B5C2E5F00B6A506 /* ResultsSentViewController.swift */ = {isa = PBXFileReference; lastKnownFileType = sourcecode.swift; path = ResultsSentViewController.swift; sourceTree = "<group>"; };
		4BB61A4C2BCEED8A00EB5BE9 /* TableViewCell.swift */ = {isa = PBXFileReference; fileEncoding = 4; lastKnownFileType = sourcecode.swift; name = TableViewCell.swift; path = "../../../../../../../FrontEnd-Init/Mobile-Alzheimer-s-Detection-System/AlzDetection/TableViewCell.swift"; sourceTree = "<group>"; };
		4FF4B369E171596C3C292A16 /* Pods-AlzDetectionTests.debug.xcconfig */ = {isa = PBXFileReference; includeInIndex = 1; lastKnownFileType = text.xcconfig; name = "Pods-AlzDetectionTests.debug.xcconfig"; path = "Target Support Files/Pods-AlzDetectionTests/Pods-AlzDetectionTests.debug.xcconfig"; sourceTree = "<group>"; };
		636F855FA9520FAE74B6866E /* Pods-AlzDetection-AlzDetectionUITests.debug.xcconfig */ = {isa = PBXFileReference; includeInIndex = 1; lastKnownFileType = text.xcconfig; name = "Pods-AlzDetection-AlzDetectionUITests.debug.xcconfig"; path = "Target Support Files/Pods-AlzDetection-AlzDetectionUITests/Pods-AlzDetection-AlzDetectionUITests.debug.xcconfig"; sourceTree = "<group>"; };
		7ED5568E7322D221D618BFE2 /* Pods_AlzDetectionTests.framework */ = {isa = PBXFileReference; explicitFileType = wrapper.framework; includeInIndex = 0; path = Pods_AlzDetectionTests.framework; sourceTree = BUILT_PRODUCTS_DIR; };
		839064B7D0B3AB1E6BF3A79F /* amplifyconfiguration.json */ = {isa = PBXFileReference; explicitFileType = text.json; path = amplifyconfiguration.json; sourceTree = "<group>"; };
		9551CC041C0C97E1731ABAA5 /* Pods-AlzDetection.debug.xcconfig */ = {isa = PBXFileReference; includeInIndex = 1; lastKnownFileType = text.xcconfig; name = "Pods-AlzDetection.debug.xcconfig"; path = "Target Support Files/Pods-AlzDetection/Pods-AlzDetection.debug.xcconfig"; sourceTree = "<group>"; };
		99CE059D08FAD267F760B011 /* Pods-AlzDetection.release.xcconfig */ = {isa = PBXFileReference; includeInIndex = 1; lastKnownFileType = text.xcconfig; name = "Pods-AlzDetection.release.xcconfig"; path = "Target Support Files/Pods-AlzDetection/Pods-AlzDetection.release.xcconfig"; sourceTree = "<group>"; };
		AAC67A7C4E59D36AC52E5303 /* awsconfiguration.json */ = {isa = PBXFileReference; explicitFileType = text.json; path = awsconfiguration.json; sourceTree = "<group>"; };
		DAD2993B628D8CECF81D28BF /* Pods_AlzDetection_AlzDetectionUITests.framework */ = {isa = PBXFileReference; explicitFileType = wrapper.framework; includeInIndex = 0; path = Pods_AlzDetection_AlzDetectionUITests.framework; sourceTree = BUILT_PRODUCTS_DIR; };
		F101EABB576AE13AEDD8DAE8 /* Pods-AlzDetectionTests.release.xcconfig */ = {isa = PBXFileReference; includeInIndex = 1; lastKnownFileType = text.xcconfig; name = "Pods-AlzDetectionTests.release.xcconfig"; path = "Target Support Files/Pods-AlzDetectionTests/Pods-AlzDetectionTests.release.xcconfig"; sourceTree = "<group>"; };
		F451D9097956850D2BAB397F /* Pods_AlzDetection.framework */ = {isa = PBXFileReference; explicitFileType = wrapper.framework; includeInIndex = 0; path = Pods_AlzDetection.framework; sourceTree = BUILT_PRODUCTS_DIR; };
		F6C3965F85A661530398FF53 /* Pods-AlzDetection-AlzDetectionUITests.release.xcconfig */ = {isa = PBXFileReference; includeInIndex = 1; lastKnownFileType = text.xcconfig; name = "Pods-AlzDetection-AlzDetectionUITests.release.xcconfig"; path = "Target Support Files/Pods-AlzDetection-AlzDetectionUITests/Pods-AlzDetection-AlzDetectionUITests.release.xcconfig"; sourceTree = "<group>"; };
/* End PBXFileReference section */

/* Begin PBXFrameworksBuildPhase section */
		325ADD722B4C6A0000000428 /* Frameworks */ = {
			isa = PBXFrameworksBuildPhase;
			buildActionMask = 2147483647;
			files = (
				32A2311E2B79560B00DEE7E2 /* AWSDataStorePlugin in Frameworks */,
				32A231222B79560B00DEE7E2 /* Amplify in Frameworks */,
				32091F492BA4E7FE001ED82A /* QuickPoseCore in Frameworks */,
				32A2311A2B79560B00DEE7E2 /* AWSAPIPlugin in Frameworks */,
				32A2311C2B79560B00DEE7E2 /* AWSCognitoAuthPlugin in Frameworks */,
				32091F4D2BA4E7FE001ED82A /* QuickPoseSwiftUI in Frameworks */,
				32091F472BA4E7FE001ED82A /* QuickPoseCamera in Frameworks */,
				32A231202B79560B00DEE7E2 /* AWSS3StoragePlugin in Frameworks */,
				32091F4B2BA4E7FE001ED82A /* QuickPoseMP in Frameworks */,
				2261D89B26D29E36BA5DF785 /* Pods_AlzDetection.framework in Frameworks */,
			);
			runOnlyForDeploymentPostprocessing = 0;
		};
		325ADD882B4C6A0100000428 /* Frameworks */ = {
			isa = PBXFrameworksBuildPhase;
			buildActionMask = 2147483647;
			files = (
				ED97DCAD2A0D85ADF0243972 /* Pods_AlzDetectionTests.framework in Frameworks */,
			);
			runOnlyForDeploymentPostprocessing = 0;
		};
		325ADD922B4C6A0100000428 /* Frameworks */ = {
			isa = PBXFrameworksBuildPhase;
			buildActionMask = 2147483647;
			files = (
				2ED2736469F525E8774E28F6 /* Pods_AlzDetection_AlzDetectionUITests.framework in Frameworks */,
			);
			runOnlyForDeploymentPostprocessing = 0;
		};
/* End PBXFrameworksBuildPhase section */

/* Begin PBXGroup section */
		325ADD6C2B4C6A0000000428 = {
			isa = PBXGroup;
			children = (
				325ADD772B4C6A0000000428 /* AlzDetection */,
				325ADD8E2B4C6A0100000428 /* AlzDetectionTests */,
				325ADD982B4C6A0100000428 /* AlzDetectionUITests */,
				325ADD762B4C6A0000000428 /* Products */,
				DA79F34486CBE7ED7748FD6B /* AmplifyConfig */,
				FD828EFEC3E6079D27EBE66F /* AmplifyModels */,
				A9AC594BDB50F38ED9745C45 /* Pods */,
				F751B22C465B46A3AD436444 /* Frameworks */,
			);
			sourceTree = "<group>";
		};
		325ADD762B4C6A0000000428 /* Products */ = {
			isa = PBXGroup;
			children = (
				325ADD752B4C6A0000000428 /* AlzDetection.app */,
				325ADD8B2B4C6A0100000428 /* AlzDetectionTests.xctest */,
				325ADD952B4C6A0100000428 /* AlzDetectionUITests.xctest */,
			);
			name = Products;
			sourceTree = "<group>";
		};
		325ADD772B4C6A0000000428 /* AlzDetection */ = {
			isa = PBXGroup;
			children = (
				325ADD782B4C6A0000000428 /* AppDelegate.swift */,
				325ADD7A2B4C6A0000000428 /* SceneDelegate.swift */,
				325ADD7E2B4C6A0000000428 /* Main.storyboard */,
				325ADD832B4C6A0100000428 /* LaunchScreen.storyboard */,
				32C95C242B4F7F1700DC358D /* LoginViewController.swift */,
				326FCED12B51E6A800E401BD /* SignUpViewController.swift */,
				326FCECF2B51E47500E401BD /* HomeViewController.swift */,
				4B849BE82B5C264600B6A506 /* ThankYouViewController.swift */,
				4B849BEA2B5C2B4200B6A506 /* InstructionsViewController.swift */,
				4B849BEC2B5C2C1D00B6A506 /* ResultsViewController.swift */,
				4B849BEE2B5C2CC900B6A506 /* ClinicianViewController.swift */,
				4BB61A4C2BCEED8A00EB5BE9 /* TableViewCell.swift */,
				4B849BF02B5C2E5F00B6A506 /* ResultsSentViewController.swift */,
				325ADD812B4C6A0100000428 /* Assets.xcassets */,
				32FBB9DD2B86A0F7004D7E02 /* loadingGif.gif */,
				32FBB9DB2B869DDB004D7E02 /* gifLoader.swift */,
				325ADD862B4C6A0100000428 /* Info.plist */,
				323440C52BB4936200217226 /* ConfirmAndUploadViewController.swift */,
				3283DF1B2B63157800084997 /* CustomCameraController.swift */,
				32A231132B793B7800DEE7E2 /* postTestViewController.swift */,
			);
			path = AlzDetection;
			sourceTree = "<group>";
		};
		325ADD8E2B4C6A0100000428 /* AlzDetectionTests */ = {
			isa = PBXGroup;
			children = (
				325ADD8F2B4C6A0100000428 /* AlzDetectionTests.swift */,
			);
			path = AlzDetectionTests;
			sourceTree = "<group>";
		};
		325ADD982B4C6A0100000428 /* AlzDetectionUITests */ = {
			isa = PBXGroup;
			children = (
				325ADD992B4C6A0100000428 /* AlzDetectionUITests.swift */,
				325ADD9B2B4C6A0100000428 /* AlzDetectionUITestsLaunchTests.swift */,
			);
			path = AlzDetectionUITests;
			sourceTree = "<group>";
		};
		A9AC594BDB50F38ED9745C45 /* Pods */ = {
			isa = PBXGroup;
			children = (
				9551CC041C0C97E1731ABAA5 /* Pods-AlzDetection.debug.xcconfig */,
				99CE059D08FAD267F760B011 /* Pods-AlzDetection.release.xcconfig */,
				636F855FA9520FAE74B6866E /* Pods-AlzDetection-AlzDetectionUITests.debug.xcconfig */,
				F6C3965F85A661530398FF53 /* Pods-AlzDetection-AlzDetectionUITests.release.xcconfig */,
				4FF4B369E171596C3C292A16 /* Pods-AlzDetectionTests.debug.xcconfig */,
				F101EABB576AE13AEDD8DAE8 /* Pods-AlzDetectionTests.release.xcconfig */,
			);
			path = Pods;
			sourceTree = "<group>";
		};
		DA79F34486CBE7ED7748FD6B /* AmplifyConfig */ = {
			isa = PBXGroup;
			children = (
				AAC67A7C4E59D36AC52E5303 /* awsconfiguration.json */,
				839064B7D0B3AB1E6BF3A79F /* amplifyconfiguration.json */,
			);
			name = AmplifyConfig;
			sourceTree = "<group>";
		};
		F751B22C465B46A3AD436444 /* Frameworks */ = {
			isa = PBXGroup;
			children = (
				F451D9097956850D2BAB397F /* Pods_AlzDetection.framework */,
				DAD2993B628D8CECF81D28BF /* Pods_AlzDetection_AlzDetectionUITests.framework */,
				7ED5568E7322D221D618BFE2 /* Pods_AlzDetectionTests.framework */,
			);
			name = Frameworks;
			sourceTree = "<group>";
		};
		FD828EFEC3E6079D27EBE66F /* AmplifyModels */ = {
			isa = PBXGroup;
			children = (
			);
			name = AmplifyModels;
			sourceTree = "<group>";
		};
/* End PBXGroup section */

/* Begin PBXNativeTarget section */
		325ADD742B4C6A0000000428 /* AlzDetection */ = {
			isa = PBXNativeTarget;
			buildConfigurationList = 325ADD9F2B4C6A0100000428 /* Build configuration list for PBXNativeTarget "AlzDetection" */;
			buildPhases = (
				2E9E20A7533AA6A6E17DB003 /* [CP] Check Pods Manifest.lock */,
				325ADD712B4C6A0000000428 /* Sources */,
				325ADD722B4C6A0000000428 /* Frameworks */,
				325ADD732B4C6A0000000428 /* Resources */,
				AF0972C7A38FBEE6BEFC8199 /* [CP] Embed Pods Frameworks */,
			);
			buildRules = (
			);
			dependencies = (
			);
			name = AlzDetection;
			packageProductDependencies = (
				32A231192B79560B00DEE7E2 /* AWSAPIPlugin */,
				32A2311B2B79560B00DEE7E2 /* AWSCognitoAuthPlugin */,
				32A2311D2B79560B00DEE7E2 /* AWSDataStorePlugin */,
				32A2311F2B79560B00DEE7E2 /* AWSS3StoragePlugin */,
				32A231212B79560B00DEE7E2 /* Amplify */,
				32091F462BA4E7FE001ED82A /* QuickPoseCamera */,
				32091F482BA4E7FE001ED82A /* QuickPoseCore */,
				32091F4A2BA4E7FE001ED82A /* QuickPoseMP */,
				32091F4C2BA4E7FE001ED82A /* QuickPoseSwiftUI */,
			);
			productName = AlzDetection;
			productReference = 325ADD752B4C6A0000000428 /* AlzDetection.app */;
			productType = "com.apple.product-type.application";
		};
		325ADD8A2B4C6A0100000428 /* AlzDetectionTests */ = {
			isa = PBXNativeTarget;
			buildConfigurationList = 325ADDA22B4C6A0100000428 /* Build configuration list for PBXNativeTarget "AlzDetectionTests" */;
			buildPhases = (
				D0D366F5F50853CA503FA760 /* [CP] Check Pods Manifest.lock */,
				325ADD872B4C6A0100000428 /* Sources */,
				325ADD882B4C6A0100000428 /* Frameworks */,
				325ADD892B4C6A0100000428 /* Resources */,
			);
			buildRules = (
			);
			dependencies = (
				325ADD8D2B4C6A0100000428 /* PBXTargetDependency */,
			);
			name = AlzDetectionTests;
			productName = AlzDetectionTests;
			productReference = 325ADD8B2B4C6A0100000428 /* AlzDetectionTests.xctest */;
			productType = "com.apple.product-type.bundle.unit-test";
		};
		325ADD942B4C6A0100000428 /* AlzDetectionUITests */ = {
			isa = PBXNativeTarget;
			buildConfigurationList = 325ADDA52B4C6A0100000428 /* Build configuration list for PBXNativeTarget "AlzDetectionUITests" */;
			buildPhases = (
				3E367A6EBD51560E26071B33 /* [CP] Check Pods Manifest.lock */,
				325ADD912B4C6A0100000428 /* Sources */,
				325ADD922B4C6A0100000428 /* Frameworks */,
				325ADD932B4C6A0100000428 /* Resources */,
				28736853550243BB4B058490 /* [CP] Embed Pods Frameworks */,
			);
			buildRules = (
			);
			dependencies = (
				325ADD972B4C6A0100000428 /* PBXTargetDependency */,
			);
			name = AlzDetectionUITests;
			productName = AlzDetectionUITests;
			productReference = 325ADD952B4C6A0100000428 /* AlzDetectionUITests.xctest */;
			productType = "com.apple.product-type.bundle.ui-testing";
		};
/* End PBXNativeTarget section */

/* Begin PBXProject section */
		325ADD6D2B4C6A0000000428 /* Project object */ = {
			isa = PBXProject;
			attributes = {
				BuildIndependentTargetsInParallel = 1;
				LastSwiftUpdateCheck = 1510;
				LastUpgradeCheck = 1510;
				TargetAttributes = {
					325ADD742B4C6A0000000428 = {
						CreatedOnToolsVersion = 15.1;
					};
					325ADD8A2B4C6A0100000428 = {
						CreatedOnToolsVersion = 15.1;
						TestTargetID = 325ADD742B4C6A0000000428;
					};
					325ADD942B4C6A0100000428 = {
						CreatedOnToolsVersion = 15.1;
						TestTargetID = 325ADD742B4C6A0000000428;
					};
				};
			};
			buildConfigurationList = 325ADD702B4C6A0000000428 /* Build configuration list for PBXProject "AlzDetection" */;
			compatibilityVersion = "Xcode 14.0";
			developmentRegion = en;
			hasScannedForEncodings = 0;
			knownRegions = (
				en,
				Base,
			);
			mainGroup = 325ADD6C2B4C6A0000000428;
			packageReferences = (
				32A231182B79560B00DEE7E2 /* XCRemoteSwiftPackageReference "amplify-swift" */,
				32091F452BA4E7FE001ED82A /* XCRemoteSwiftPackageReference "quickpose-ios-sdk" */,
			);
			productRefGroup = 325ADD762B4C6A0000000428 /* Products */;
			projectDirPath = "";
			projectRoot = "";
			targets = (
				325ADD742B4C6A0000000428 /* AlzDetection */,
				325ADD8A2B4C6A0100000428 /* AlzDetectionTests */,
				325ADD942B4C6A0100000428 /* AlzDetectionUITests */,
			);
		};
/* End PBXProject section */

/* Begin PBXResourcesBuildPhase section */
		325ADD732B4C6A0000000428 /* Resources */ = {
			isa = PBXResourcesBuildPhase;
			buildActionMask = 2147483647;
			files = (
				325ADD852B4C6A0100000428 /* LaunchScreen.storyboard in Resources */,
				325ADD822B4C6A0100000428 /* Assets.xcassets in Resources */,
				325ADD802B4C6A0000000428 /* Main.storyboard in Resources */,
				758966E5F3EA2ADED0D3A50D /* awsconfiguration.json in Resources */,
				32FBB9DE2B86A0F7004D7E02 /* loadingGif.gif in Resources */,
				7B39E01C60F48E9BF194595B /* amplifyconfiguration.json in Resources */,
			);
			runOnlyForDeploymentPostprocessing = 0;
		};
		325ADD892B4C6A0100000428 /* Resources */ = {
			isa = PBXResourcesBuildPhase;
			buildActionMask = 2147483647;
			files = (
			);
			runOnlyForDeploymentPostprocessing = 0;
		};
		325ADD932B4C6A0100000428 /* Resources */ = {
			isa = PBXResourcesBuildPhase;
			buildActionMask = 2147483647;
			files = (
			);
			runOnlyForDeploymentPostprocessing = 0;
		};
/* End PBXResourcesBuildPhase section */

/* Begin PBXShellScriptBuildPhase section */
		28736853550243BB4B058490 /* [CP] Embed Pods Frameworks */ = {
			isa = PBXShellScriptBuildPhase;
			buildActionMask = 2147483647;
			files = (
			);
			inputFileListPaths = (
				"${PODS_ROOT}/Target Support Files/Pods-AlzDetection-AlzDetectionUITests/Pods-AlzDetection-AlzDetectionUITests-frameworks-${CONFIGURATION}-input-files.xcfilelist",
			);
			name = "[CP] Embed Pods Frameworks";
			outputFileListPaths = (
				"${PODS_ROOT}/Target Support Files/Pods-AlzDetection-AlzDetectionUITests/Pods-AlzDetection-AlzDetectionUITests-frameworks-${CONFIGURATION}-output-files.xcfilelist",
			);
			runOnlyForDeploymentPostprocessing = 0;
			shellPath = /bin/sh;
			shellScript = "\"${PODS_ROOT}/Target Support Files/Pods-AlzDetection-AlzDetectionUITests/Pods-AlzDetection-AlzDetectionUITests-frameworks.sh\"\n";
			showEnvVarsInLog = 0;
		};
		2E9E20A7533AA6A6E17DB003 /* [CP] Check Pods Manifest.lock */ = {
			isa = PBXShellScriptBuildPhase;
			buildActionMask = 2147483647;
			files = (
			);
			inputFileListPaths = (
			);
			inputPaths = (
				"${PODS_PODFILE_DIR_PATH}/Podfile.lock",
				"${PODS_ROOT}/Manifest.lock",
			);
			name = "[CP] Check Pods Manifest.lock";
			outputFileListPaths = (
			);
			outputPaths = (
				"$(DERIVED_FILE_DIR)/Pods-AlzDetection-checkManifestLockResult.txt",
			);
			runOnlyForDeploymentPostprocessing = 0;
			shellPath = /bin/sh;
			shellScript = "diff \"${PODS_PODFILE_DIR_PATH}/Podfile.lock\" \"${PODS_ROOT}/Manifest.lock\" > /dev/null\nif [ $? != 0 ] ; then\n    # print error to STDERR\n    echo \"error: The sandbox is not in sync with the Podfile.lock. Run 'pod install' or update your CocoaPods installation.\" >&2\n    exit 1\nfi\n# This output is used by Xcode 'outputs' to avoid re-running this script phase.\necho \"SUCCESS\" > \"${SCRIPT_OUTPUT_FILE_0}\"\n";
			showEnvVarsInLog = 0;
		};
		3E367A6EBD51560E26071B33 /* [CP] Check Pods Manifest.lock */ = {
			isa = PBXShellScriptBuildPhase;
			buildActionMask = 2147483647;
			files = (
			);
			inputFileListPaths = (
			);
			inputPaths = (
				"${PODS_PODFILE_DIR_PATH}/Podfile.lock",
				"${PODS_ROOT}/Manifest.lock",
			);
			name = "[CP] Check Pods Manifest.lock";
			outputFileListPaths = (
			);
			outputPaths = (
				"$(DERIVED_FILE_DIR)/Pods-AlzDetection-AlzDetectionUITests-checkManifestLockResult.txt",
			);
			runOnlyForDeploymentPostprocessing = 0;
			shellPath = /bin/sh;
			shellScript = "diff \"${PODS_PODFILE_DIR_PATH}/Podfile.lock\" \"${PODS_ROOT}/Manifest.lock\" > /dev/null\nif [ $? != 0 ] ; then\n    # print error to STDERR\n    echo \"error: The sandbox is not in sync with the Podfile.lock. Run 'pod install' or update your CocoaPods installation.\" >&2\n    exit 1\nfi\n# This output is used by Xcode 'outputs' to avoid re-running this script phase.\necho \"SUCCESS\" > \"${SCRIPT_OUTPUT_FILE_0}\"\n";
			showEnvVarsInLog = 0;
		};
		AF0972C7A38FBEE6BEFC8199 /* [CP] Embed Pods Frameworks */ = {
			isa = PBXShellScriptBuildPhase;
			buildActionMask = 2147483647;
			files = (
			);
			inputFileListPaths = (
				"${PODS_ROOT}/Target Support Files/Pods-AlzDetection/Pods-AlzDetection-frameworks-${CONFIGURATION}-input-files.xcfilelist",
			);
			name = "[CP] Embed Pods Frameworks";
			outputFileListPaths = (
				"${PODS_ROOT}/Target Support Files/Pods-AlzDetection/Pods-AlzDetection-frameworks-${CONFIGURATION}-output-files.xcfilelist",
			);
			runOnlyForDeploymentPostprocessing = 0;
			shellPath = /bin/sh;
			shellScript = "\"${PODS_ROOT}/Target Support Files/Pods-AlzDetection/Pods-AlzDetection-frameworks.sh\"\n";
			showEnvVarsInLog = 0;
		};
		D0D366F5F50853CA503FA760 /* [CP] Check Pods Manifest.lock */ = {
			isa = PBXShellScriptBuildPhase;
			buildActionMask = 2147483647;
			files = (
			);
			inputFileListPaths = (
			);
			inputPaths = (
				"${PODS_PODFILE_DIR_PATH}/Podfile.lock",
				"${PODS_ROOT}/Manifest.lock",
			);
			name = "[CP] Check Pods Manifest.lock";
			outputFileListPaths = (
			);
			outputPaths = (
				"$(DERIVED_FILE_DIR)/Pods-AlzDetectionTests-checkManifestLockResult.txt",
			);
			runOnlyForDeploymentPostprocessing = 0;
			shellPath = /bin/sh;
			shellScript = "diff \"${PODS_PODFILE_DIR_PATH}/Podfile.lock\" \"${PODS_ROOT}/Manifest.lock\" > /dev/null\nif [ $? != 0 ] ; then\n    # print error to STDERR\n    echo \"error: The sandbox is not in sync with the Podfile.lock. Run 'pod install' or update your CocoaPods installation.\" >&2\n    exit 1\nfi\n# This output is used by Xcode 'outputs' to avoid re-running this script phase.\necho \"SUCCESS\" > \"${SCRIPT_OUTPUT_FILE_0}\"\n";
			showEnvVarsInLog = 0;
		};
/* End PBXShellScriptBuildPhase section */

/* Begin PBXSourcesBuildPhase section */
		325ADD712B4C6A0000000428 /* Sources */ = {
			isa = PBXSourcesBuildPhase;
			buildActionMask = 2147483647;
			files = (
				4BB61A4E2BCEED8B00EB5BE9 /* TableViewCell.swift in Sources */,
				4B849BF12B5C2E5F00B6A506 /* ResultsSentViewController.swift in Sources */,
				32A231142B793B7800DEE7E2 /* postTestViewController.swift in Sources */,
				326FCED22B51E6A800E401BD /* SignUpViewController.swift in Sources */,
				326FCED02B51E47500E401BD /* HomeViewController.swift in Sources */,
				32C95C252B4F7F1700DC358D /* LoginViewController.swift in Sources */,
				3283DF1C2B63157800084997 /* CustomCameraController.swift in Sources */,
				4B849BEF2B5C2CC900B6A506 /* ClinicianViewController.swift in Sources */,
				4B849BE92B5C264600B6A506 /* ThankYouViewController.swift in Sources */,
				32FBB9DC2B869DDB004D7E02 /* gifLoader.swift in Sources */,
				4B849BED2B5C2C1D00B6A506 /* ResultsViewController.swift in Sources */,
				323440C62BB4936200217226 /* ConfirmAndUploadViewController.swift in Sources */,
				325ADD792B4C6A0000000428 /* AppDelegate.swift in Sources */,
				4B849BEB2B5C2B4200B6A506 /* InstructionsViewController.swift in Sources */,
				325ADD7B2B4C6A0000000428 /* SceneDelegate.swift in Sources */,
			);
			runOnlyForDeploymentPostprocessing = 0;
		};
		325ADD872B4C6A0100000428 /* Sources */ = {
			isa = PBXSourcesBuildPhase;
			buildActionMask = 2147483647;
			files = (
				325ADD902B4C6A0100000428 /* AlzDetectionTests.swift in Sources */,
			);
			runOnlyForDeploymentPostprocessing = 0;
		};
		325ADD912B4C6A0100000428 /* Sources */ = {
			isa = PBXSourcesBuildPhase;
			buildActionMask = 2147483647;
			files = (
				325ADD9C2B4C6A0100000428 /* AlzDetectionUITestsLaunchTests.swift in Sources */,
				325ADD9A2B4C6A0100000428 /* AlzDetectionUITests.swift in Sources */,
			);
			runOnlyForDeploymentPostprocessing = 0;
		};
/* End PBXSourcesBuildPhase section */

/* Begin PBXTargetDependency section */
		325ADD8D2B4C6A0100000428 /* PBXTargetDependency */ = {
			isa = PBXTargetDependency;
			target = 325ADD742B4C6A0000000428 /* AlzDetection */;
			targetProxy = 325ADD8C2B4C6A0100000428 /* PBXContainerItemProxy */;
		};
		325ADD972B4C6A0100000428 /* PBXTargetDependency */ = {
			isa = PBXTargetDependency;
			target = 325ADD742B4C6A0000000428 /* AlzDetection */;
			targetProxy = 325ADD962B4C6A0100000428 /* PBXContainerItemProxy */;
		};
/* End PBXTargetDependency section */

/* Begin PBXVariantGroup section */
		325ADD7E2B4C6A0000000428 /* Main.storyboard */ = {
			isa = PBXVariantGroup;
			children = (
				325ADD7F2B4C6A0000000428 /* Base */,
			);
			name = Main.storyboard;
			sourceTree = "<group>";
		};
		325ADD832B4C6A0100000428 /* LaunchScreen.storyboard */ = {
			isa = PBXVariantGroup;
			children = (
				325ADD842B4C6A0100000428 /* Base */,
			);
			name = LaunchScreen.storyboard;
			sourceTree = "<group>";
		};
/* End PBXVariantGroup section */

/* Begin XCBuildConfiguration section */
		325ADD9D2B4C6A0100000428 /* Debug */ = {
			isa = XCBuildConfiguration;
			buildSettings = {
				ALWAYS_SEARCH_USER_PATHS = NO;
				ASSETCATALOG_COMPILER_GENERATE_SWIFT_ASSET_SYMBOL_EXTENSIONS = YES;
				CLANG_ANALYZER_NONNULL = YES;
				CLANG_ANALYZER_NUMBER_OBJECT_CONVERSION = YES_AGGRESSIVE;
				CLANG_CXX_LANGUAGE_STANDARD = "gnu++20";
				CLANG_ENABLE_MODULES = YES;
				CLANG_ENABLE_OBJC_ARC = YES;
				CLANG_ENABLE_OBJC_WEAK = YES;
				CLANG_WARN_BLOCK_CAPTURE_AUTORELEASING = YES;
				CLANG_WARN_BOOL_CONVERSION = YES;
				CLANG_WARN_COMMA = YES;
				CLANG_WARN_CONSTANT_CONVERSION = YES;
				CLANG_WARN_DEPRECATED_OBJC_IMPLEMENTATIONS = YES;
				CLANG_WARN_DIRECT_OBJC_ISA_USAGE = YES_ERROR;
				CLANG_WARN_DOCUMENTATION_COMMENTS = YES;
				CLANG_WARN_EMPTY_BODY = YES;
				CLANG_WARN_ENUM_CONVERSION = YES;
				CLANG_WARN_INFINITE_RECURSION = YES;
				CLANG_WARN_INT_CONVERSION = YES;
				CLANG_WARN_NON_LITERAL_NULL_CONVERSION = YES;
				CLANG_WARN_OBJC_IMPLICIT_RETAIN_SELF = YES;
				CLANG_WARN_OBJC_LITERAL_CONVERSION = YES;
				CLANG_WARN_OBJC_ROOT_CLASS = YES_ERROR;
				CLANG_WARN_QUOTED_INCLUDE_IN_FRAMEWORK_HEADER = YES;
				CLANG_WARN_RANGE_LOOP_ANALYSIS = YES;
				CLANG_WARN_STRICT_PROTOTYPES = YES;
				CLANG_WARN_SUSPICIOUS_MOVE = YES;
				CLANG_WARN_UNGUARDED_AVAILABILITY = YES_AGGRESSIVE;
				CLANG_WARN_UNREACHABLE_CODE = YES;
				CLANG_WARN__DUPLICATE_METHOD_MATCH = YES;
				COPY_PHASE_STRIP = NO;
				DEBUG_INFORMATION_FORMAT = dwarf;
				ENABLE_STRICT_OBJC_MSGSEND = YES;
				ENABLE_TESTABILITY = YES;
				ENABLE_USER_SCRIPT_SANDBOXING = YES;
				GCC_C_LANGUAGE_STANDARD = gnu17;
				GCC_DYNAMIC_NO_PIC = NO;
				GCC_NO_COMMON_BLOCKS = YES;
				GCC_OPTIMIZATION_LEVEL = 0;
				GCC_PREPROCESSOR_DEFINITIONS = (
					"DEBUG=1",
					"$(inherited)",
				);
				GCC_WARN_64_TO_32_BIT_CONVERSION = YES;
				GCC_WARN_ABOUT_RETURN_TYPE = YES_ERROR;
				GCC_WARN_UNDECLARED_SELECTOR = YES;
				GCC_WARN_UNINITIALIZED_AUTOS = YES_AGGRESSIVE;
				GCC_WARN_UNUSED_FUNCTION = YES;
				GCC_WARN_UNUSED_VARIABLE = YES;
				IPHONEOS_DEPLOYMENT_TARGET = 17.2;
				LOCALIZATION_PREFERS_STRING_CATALOGS = YES;
				MTL_ENABLE_DEBUG_INFO = INCLUDE_SOURCE;
				MTL_FAST_MATH = YES;
				ONLY_ACTIVE_ARCH = YES;
				SDKROOT = iphoneos;
				SWIFT_ACTIVE_COMPILATION_CONDITIONS = "DEBUG $(inherited)";
				SWIFT_OPTIMIZATION_LEVEL = "-Onone";
			};
			name = Debug;
		};
		325ADD9E2B4C6A0100000428 /* Release */ = {
			isa = XCBuildConfiguration;
			buildSettings = {
				ALWAYS_SEARCH_USER_PATHS = NO;
				ASSETCATALOG_COMPILER_GENERATE_SWIFT_ASSET_SYMBOL_EXTENSIONS = YES;
				CLANG_ANALYZER_NONNULL = YES;
				CLANG_ANALYZER_NUMBER_OBJECT_CONVERSION = YES_AGGRESSIVE;
				CLANG_CXX_LANGUAGE_STANDARD = "gnu++20";
				CLANG_ENABLE_MODULES = YES;
				CLANG_ENABLE_OBJC_ARC = YES;
				CLANG_ENABLE_OBJC_WEAK = YES;
				CLANG_WARN_BLOCK_CAPTURE_AUTORELEASING = YES;
				CLANG_WARN_BOOL_CONVERSION = YES;
				CLANG_WARN_COMMA = YES;
				CLANG_WARN_CONSTANT_CONVERSION = YES;
				CLANG_WARN_DEPRECATED_OBJC_IMPLEMENTATIONS = YES;
				CLANG_WARN_DIRECT_OBJC_ISA_USAGE = YES_ERROR;
				CLANG_WARN_DOCUMENTATION_COMMENTS = YES;
				CLANG_WARN_EMPTY_BODY = YES;
				CLANG_WARN_ENUM_CONVERSION = YES;
				CLANG_WARN_INFINITE_RECURSION = YES;
				CLANG_WARN_INT_CONVERSION = YES;
				CLANG_WARN_NON_LITERAL_NULL_CONVERSION = YES;
				CLANG_WARN_OBJC_IMPLICIT_RETAIN_SELF = YES;
				CLANG_WARN_OBJC_LITERAL_CONVERSION = YES;
				CLANG_WARN_OBJC_ROOT_CLASS = YES_ERROR;
				CLANG_WARN_QUOTED_INCLUDE_IN_FRAMEWORK_HEADER = YES;
				CLANG_WARN_RANGE_LOOP_ANALYSIS = YES;
				CLANG_WARN_STRICT_PROTOTYPES = YES;
				CLANG_WARN_SUSPICIOUS_MOVE = YES;
				CLANG_WARN_UNGUARDED_AVAILABILITY = YES_AGGRESSIVE;
				CLANG_WARN_UNREACHABLE_CODE = YES;
				CLANG_WARN__DUPLICATE_METHOD_MATCH = YES;
				COPY_PHASE_STRIP = NO;
				DEBUG_INFORMATION_FORMAT = "dwarf-with-dsym";
				ENABLE_NS_ASSERTIONS = NO;
				ENABLE_STRICT_OBJC_MSGSEND = YES;
				ENABLE_USER_SCRIPT_SANDBOXING = YES;
				GCC_C_LANGUAGE_STANDARD = gnu17;
				GCC_NO_COMMON_BLOCKS = YES;
				GCC_WARN_64_TO_32_BIT_CONVERSION = YES;
				GCC_WARN_ABOUT_RETURN_TYPE = YES_ERROR;
				GCC_WARN_UNDECLARED_SELECTOR = YES;
				GCC_WARN_UNINITIALIZED_AUTOS = YES_AGGRESSIVE;
				GCC_WARN_UNUSED_FUNCTION = YES;
				GCC_WARN_UNUSED_VARIABLE = YES;
				IPHONEOS_DEPLOYMENT_TARGET = 17.2;
				LOCALIZATION_PREFERS_STRING_CATALOGS = YES;
				MTL_ENABLE_DEBUG_INFO = NO;
				MTL_FAST_MATH = YES;
				SDKROOT = iphoneos;
				SWIFT_COMPILATION_MODE = wholemodule;
				VALIDATE_PRODUCT = YES;
			};
			name = Release;
		};
		325ADDA02B4C6A0100000428 /* Debug */ = {
			isa = XCBuildConfiguration;
			baseConfigurationReference = 9551CC041C0C97E1731ABAA5 /* Pods-AlzDetection.debug.xcconfig */;
			buildSettings = {
				ASSETCATALOG_COMPILER_APPICON_NAME = AppIcon;
				ASSETCATALOG_COMPILER_GLOBAL_ACCENT_COLOR_NAME = AccentColor;
				CODE_SIGN_STYLE = Automatic;
				CURRENT_PROJECT_VERSION = 1;
				DEVELOPMENT_TEAM = 9HA6F7UATS;
				ENABLE_USER_SCRIPT_SANDBOXING = NO;
				GENERATE_INFOPLIST_FILE = YES;
				INFOPLIST_FILE = AlzDetection/Info.plist;
				INFOPLIST_KEY_NSCameraUsageDescription = "Please work";
				INFOPLIST_KEY_NSPhotoLibraryAddUsageDescription = "Save to Library";
				INFOPLIST_KEY_NSPhotoLibraryUsageDescription = TRUE;
				INFOPLIST_KEY_UIApplicationSupportsIndirectInputEvents = YES;
				INFOPLIST_KEY_UILaunchStoryboardName = LaunchScreen.storyboard;
				INFOPLIST_KEY_UIMainStoryboardFile = Main;
				INFOPLIST_KEY_UISupportedInterfaceOrientations_iPad = "UIInterfaceOrientationPortrait UIInterfaceOrientationPortraitUpsideDown UIInterfaceOrientationLandscapeLeft UIInterfaceOrientationLandscapeRight";
				INFOPLIST_KEY_UISupportedInterfaceOrientations_iPhone = "UIInterfaceOrientationPortrait UIInterfaceOrientationLandscapeLeft UIInterfaceOrientationLandscapeRight";
				LD_RUNPATH_SEARCH_PATHS = (
					"$(inherited)",
					"@executable_path/Frameworks",
				);
				MARKETING_VERSION = 1.0;
				PRODUCT_BUNDLE_IDENTIFIER = "Hpadi2020-fau.edu.AlzDetection1";
				PRODUCT_NAME = "$(TARGET_NAME)";
				SWIFT_EMIT_LOC_STRINGS = YES;
				SWIFT_VERSION = 5.0;
				TARGETED_DEVICE_FAMILY = "1,2";
			};
			name = Debug;
		};
		325ADDA12B4C6A0100000428 /* Release */ = {
			isa = XCBuildConfiguration;
			baseConfigurationReference = 99CE059D08FAD267F760B011 /* Pods-AlzDetection.release.xcconfig */;
			buildSettings = {
				ASSETCATALOG_COMPILER_APPICON_NAME = AppIcon;
				ASSETCATALOG_COMPILER_GLOBAL_ACCENT_COLOR_NAME = AccentColor;
				CODE_SIGN_STYLE = Automatic;
				CURRENT_PROJECT_VERSION = 1;
				DEVELOPMENT_TEAM = 9HA6F7UATS;
				ENABLE_USER_SCRIPT_SANDBOXING = NO;
				GENERATE_INFOPLIST_FILE = YES;
				INFOPLIST_FILE = AlzDetection/Info.plist;
				INFOPLIST_KEY_NSCameraUsageDescription = "Please work";
				INFOPLIST_KEY_NSPhotoLibraryAddUsageDescription = "Save to Library";
				INFOPLIST_KEY_NSPhotoLibraryUsageDescription = TRUE;
				INFOPLIST_KEY_UIApplicationSupportsIndirectInputEvents = YES;
				INFOPLIST_KEY_UILaunchStoryboardName = LaunchScreen.storyboard;
				INFOPLIST_KEY_UIMainStoryboardFile = Main;
				INFOPLIST_KEY_UISupportedInterfaceOrientations_iPad = "UIInterfaceOrientationPortrait UIInterfaceOrientationPortraitUpsideDown UIInterfaceOrientationLandscapeLeft UIInterfaceOrientationLandscapeRight";
				INFOPLIST_KEY_UISupportedInterfaceOrientations_iPhone = "UIInterfaceOrientationPortrait UIInterfaceOrientationLandscapeLeft UIInterfaceOrientationLandscapeRight";
				LD_RUNPATH_SEARCH_PATHS = (
					"$(inherited)",
					"@executable_path/Frameworks",
				);
				MARKETING_VERSION = 1.0;
				PRODUCT_BUNDLE_IDENTIFIER = "Hpadi2020-fau.edu.AlzDetection1";
				PRODUCT_NAME = "$(TARGET_NAME)";
				SWIFT_EMIT_LOC_STRINGS = YES;
				SWIFT_VERSION = 5.0;
				TARGETED_DEVICE_FAMILY = "1,2";
			};
			name = Release;
		};
		325ADDA32B4C6A0100000428 /* Debug */ = {
			isa = XCBuildConfiguration;
			baseConfigurationReference = 4FF4B369E171596C3C292A16 /* Pods-AlzDetectionTests.debug.xcconfig */;
			buildSettings = {
				ALWAYS_EMBED_SWIFT_STANDARD_LIBRARIES = YES;
				BUNDLE_LOADER = "$(TEST_HOST)";
				CODE_SIGN_STYLE = Automatic;
				CURRENT_PROJECT_VERSION = 1;
				DEVELOPMENT_TEAM = 9HA6F7UATS;
				GENERATE_INFOPLIST_FILE = YES;
				IPHONEOS_DEPLOYMENT_TARGET = 17.2;
				MARKETING_VERSION = 1.0;
				PRODUCT_BUNDLE_IDENTIFIER = "Hpadi2020-fau.edu.AlzDetectionTests";
				PRODUCT_NAME = "$(TARGET_NAME)";
				SWIFT_EMIT_LOC_STRINGS = NO;
				SWIFT_VERSION = 5.0;
				TARGETED_DEVICE_FAMILY = "1,2";
				TEST_HOST = "$(BUILT_PRODUCTS_DIR)/AlzDetection.app/$(BUNDLE_EXECUTABLE_FOLDER_PATH)/AlzDetection";
			};
			name = Debug;
		};
		325ADDA42B4C6A0100000428 /* Release */ = {
			isa = XCBuildConfiguration;
			baseConfigurationReference = F101EABB576AE13AEDD8DAE8 /* Pods-AlzDetectionTests.release.xcconfig */;
			buildSettings = {
				ALWAYS_EMBED_SWIFT_STANDARD_LIBRARIES = YES;
				BUNDLE_LOADER = "$(TEST_HOST)";
				CODE_SIGN_STYLE = Automatic;
				CURRENT_PROJECT_VERSION = 1;
				DEVELOPMENT_TEAM = 9HA6F7UATS;
				GENERATE_INFOPLIST_FILE = YES;
				IPHONEOS_DEPLOYMENT_TARGET = 17.2;
				MARKETING_VERSION = 1.0;
				PRODUCT_BUNDLE_IDENTIFIER = "Hpadi2020-fau.edu.AlzDetectionTests";
				PRODUCT_NAME = "$(TARGET_NAME)";
				SWIFT_EMIT_LOC_STRINGS = NO;
				SWIFT_VERSION = 5.0;
				TARGETED_DEVICE_FAMILY = "1,2";
				TEST_HOST = "$(BUILT_PRODUCTS_DIR)/AlzDetection.app/$(BUNDLE_EXECUTABLE_FOLDER_PATH)/AlzDetection";
			};
			name = Release;
		};
		325ADDA62B4C6A0100000428 /* Debug */ = {
			isa = XCBuildConfiguration;
			baseConfigurationReference = 636F855FA9520FAE74B6866E /* Pods-AlzDetection-AlzDetectionUITests.debug.xcconfig */;
			buildSettings = {
				ALWAYS_EMBED_SWIFT_STANDARD_LIBRARIES = YES;
				CODE_SIGN_STYLE = Automatic;
				CURRENT_PROJECT_VERSION = 1;
				DEVELOPMENT_TEAM = 9HA6F7UATS;
				GENERATE_INFOPLIST_FILE = YES;
				MARKETING_VERSION = 1.0;
				PRODUCT_BUNDLE_IDENTIFIER = "Hpadi2020-fau.edu.AlzDetectionUITests";
				PRODUCT_NAME = "$(TARGET_NAME)";
				SWIFT_EMIT_LOC_STRINGS = NO;
				SWIFT_VERSION = 5.0;
				TARGETED_DEVICE_FAMILY = "1,2";
				TEST_TARGET_NAME = AlzDetection;
			};
			name = Debug;
		};
		325ADDA72B4C6A0100000428 /* Release */ = {
			isa = XCBuildConfiguration;
			baseConfigurationReference = F6C3965F85A661530398FF53 /* Pods-AlzDetection-AlzDetectionUITests.release.xcconfig */;
			buildSettings = {
				ALWAYS_EMBED_SWIFT_STANDARD_LIBRARIES = YES;
				CODE_SIGN_STYLE = Automatic;
				CURRENT_PROJECT_VERSION = 1;
				DEVELOPMENT_TEAM = 9HA6F7UATS;
				GENERATE_INFOPLIST_FILE = YES;
				MARKETING_VERSION = 1.0;
				PRODUCT_BUNDLE_IDENTIFIER = "Hpadi2020-fau.edu.AlzDetectionUITests";
				PRODUCT_NAME = "$(TARGET_NAME)";
				SWIFT_EMIT_LOC_STRINGS = NO;
				SWIFT_VERSION = 5.0;
				TARGETED_DEVICE_FAMILY = "1,2";
				TEST_TARGET_NAME = AlzDetection;
			};
			name = Release;
		};
/* End XCBuildConfiguration section */

/* Begin XCConfigurationList section */
		325ADD702B4C6A0000000428 /* Build configuration list for PBXProject "AlzDetection" */ = {
			isa = XCConfigurationList;
			buildConfigurations = (
				325ADD9D2B4C6A0100000428 /* Debug */,
				325ADD9E2B4C6A0100000428 /* Release */,
			);
			defaultConfigurationIsVisible = 0;
			defaultConfigurationName = Release;
		};
		325ADD9F2B4C6A0100000428 /* Build configuration list for PBXNativeTarget "AlzDetection" */ = {
			isa = XCConfigurationList;
			buildConfigurations = (
				325ADDA02B4C6A0100000428 /* Debug */,
				325ADDA12B4C6A0100000428 /* Release */,
			);
			defaultConfigurationIsVisible = 0;
			defaultConfigurationName = Release;
		};
		325ADDA22B4C6A0100000428 /* Build configuration list for PBXNativeTarget "AlzDetectionTests" */ = {
			isa = XCConfigurationList;
			buildConfigurations = (
				325ADDA32B4C6A0100000428 /* Debug */,
				325ADDA42B4C6A0100000428 /* Release */,
			);
			defaultConfigurationIsVisible = 0;
			defaultConfigurationName = Release;
		};
		325ADDA52B4C6A0100000428 /* Build configuration list for PBXNativeTarget "AlzDetectionUITests" */ = {
			isa = XCConfigurationList;
			buildConfigurations = (
				325ADDA62B4C6A0100000428 /* Debug */,
				325ADDA72B4C6A0100000428 /* Release */,
			);
			defaultConfigurationIsVisible = 0;
			defaultConfigurationName = Release;
		};
/* End XCConfigurationList section */

/* Begin XCRemoteSwiftPackageReference section */
		32091F452BA4E7FE001ED82A /* XCRemoteSwiftPackageReference "quickpose-ios-sdk" */ = {
			isa = XCRemoteSwiftPackageReference;
			repositoryURL = "https://github.com/quickpose/quickpose-ios-sdk.git";
			requirement = {
				kind = upToNextMajorVersion;
				minimumVersion = 1.0.0;
			};
		};
		32A231182B79560B00DEE7E2 /* XCRemoteSwiftPackageReference "amplify-swift" */ = {
			isa = XCRemoteSwiftPackageReference;
			repositoryURL = "https://github.com/aws-amplify/amplify-swift";
			requirement = {
				kind = upToNextMajorVersion;
				minimumVersion = 2.26.0;
			};
		};
/* End XCRemoteSwiftPackageReference section */

/* Begin XCSwiftPackageProductDependency section */
		32091F462BA4E7FE001ED82A /* QuickPoseCamera */ = {
			isa = XCSwiftPackageProductDependency;
			package = 32091F452BA4E7FE001ED82A /* XCRemoteSwiftPackageReference "quickpose-ios-sdk" */;
			productName = QuickPoseCamera;
		};
		32091F482BA4E7FE001ED82A /* QuickPoseCore */ = {
			isa = XCSwiftPackageProductDependency;
			package = 32091F452BA4E7FE001ED82A /* XCRemoteSwiftPackageReference "quickpose-ios-sdk" */;
			productName = QuickPoseCore;
		};
		32091F4A2BA4E7FE001ED82A /* QuickPoseMP */ = {
			isa = XCSwiftPackageProductDependency;
			package = 32091F452BA4E7FE001ED82A /* XCRemoteSwiftPackageReference "quickpose-ios-sdk" */;
			productName = QuickPoseMP;
		};
		32091F4C2BA4E7FE001ED82A /* QuickPoseSwiftUI */ = {
			isa = XCSwiftPackageProductDependency;
			package = 32091F452BA4E7FE001ED82A /* XCRemoteSwiftPackageReference "quickpose-ios-sdk" */;
			productName = QuickPoseSwiftUI;
		};
		32A231192B79560B00DEE7E2 /* AWSAPIPlugin */ = {
			isa = XCSwiftPackageProductDependency;
			package = 32A231182B79560B00DEE7E2 /* XCRemoteSwiftPackageReference "amplify-swift" */;
			productName = AWSAPIPlugin;
		};
		32A2311B2B79560B00DEE7E2 /* AWSCognitoAuthPlugin */ = {
			isa = XCSwiftPackageProductDependency;
			package = 32A231182B79560B00DEE7E2 /* XCRemoteSwiftPackageReference "amplify-swift" */;
			productName = AWSCognitoAuthPlugin;
		};
		32A2311D2B79560B00DEE7E2 /* AWSDataStorePlugin */ = {
			isa = XCSwiftPackageProductDependency;
			package = 32A231182B79560B00DEE7E2 /* XCRemoteSwiftPackageReference "amplify-swift" */;
			productName = AWSDataStorePlugin;
		};
		32A2311F2B79560B00DEE7E2 /* AWSS3StoragePlugin */ = {
			isa = XCSwiftPackageProductDependency;
			package = 32A231182B79560B00DEE7E2 /* XCRemoteSwiftPackageReference "amplify-swift" */;
			productName = AWSS3StoragePlugin;
		};
		32A231212B79560B00DEE7E2 /* Amplify */ = {
			isa = XCSwiftPackageProductDependency;
			package = 32A231182B79560B00DEE7E2 /* XCRemoteSwiftPackageReference "amplify-swift" */;
			productName = Amplify;
		};
/* End XCSwiftPackageProductDependency section */
	};
	rootObject = 325ADD6D2B4C6A0000000428 /* Project object */;
}
